
Microsoft Visual Studio Solution File, Format Version 12.00
# Visual Studio Version 17
VisualStudioVersion = 17.14.36414.22
MinimumVisualStudioVersion = 10.0.40219.1
Project("{E53339B2-1760-4266-BCC7-CA923CBCF16C}") = "docker-compose", "docker-compose.dcproj", "{81DDED9D-158B-E303-5F62-77A2896D2A5A}"
EndProject
Project("{FAE04EC0-301F-11D3-BF4B-00C04F79EFBC}") = "LibroSphere.Application", "src\LibroSphere.Application\LibroSphere.Application.csproj", "{C3842D31-DE69-BA72-3BD5-2B8461EDFA86}"
EndProject
Project("{FAE04EC0-301F-11D3-BF4B-00C04F79EFBC}") = "LibroSphere.Domain", "src\LibroSphere.Domain\LibroSphere.Domain.csproj", "{9FE03ADF-10AE-D323-29B8-DD2367746022}"
EndProject
Project("{FAE04EC0-301F-11D3-BF4B-00C04F79EFBC}") = "LibroSphere.Infrastructure", "src\LibroSphere.Infrastructure\LibroSphere.Infrastructure.csproj", "{97EF54E3-7E65-CDAD-6688-6E0C1ADEDE47}"
EndProject
Project("{FAE04EC0-301F-11D3-BF4B-00C04F79EFBC}") = "LibroSphere.WebApi", "src\LibroSphere.WebApi\LibroSphere.WebApi.csproj", "{46344DAB-BF59-7CCB-620B-1639542ABAF4}"
EndProject
Project("{FAE04EC0-301F-11D3-BF4B-00C04F79EFBC}") = "LibroSphere.Worker", "src\LibroSphere.Worker\LibroSphere.Worker.csproj", "{55FA55E6-7CCB-F1FE-D442-4AE75EFA48B8}"
EndProject
Global
	GlobalSection(SolutionConfigurationPlatforms) = preSolution
		Debug|Any CPU = Debug|Any CPU
		Release|Any CPU = Release|Any CPU
	EndGlobalSection
	GlobalSection(ProjectConfigurationPlatforms) = postSolution
		{81DDED9D-158B-E303-5F62-77A2896D2A5A}.Debug|Any CPU.ActiveCfg = Debug|Any CPU
		{81DDED9D-158B-E303-5F62-77A2896D2A5A}.Debug|Any CPU.Build.0 = Debug|Any CPU
		{81DDED9D-158B-E303-5F62-77A2896D2A5A}.Release|Any CPU.ActiveCfg = Release|Any CPU
		{81DDED9D-158B-E303-5F62-77A2896D2A5A}.Release|Any CPU.Build.0 = Release|Any CPU
		{C3842D31-DE69-BA72-3BD5-2B8461EDFA86}.Debug|Any CPU.ActiveCfg = Debug|Any CPU
		{C3842D31-DE69-BA72-3BD5-2B8461EDFA86}.Debug|Any CPU.Build.0 = Debug|Any CPU
		{C3842D31-DE69-BA72-3BD5-2B8461EDFA86}.Release|Any CPU.ActiveCfg = Release|Any CPU
		{C3842D31-DE69-BA72-3BD5-2B8461EDFA86}.Release|Any CPU.Build.0 = Release|Any CPU
		{9FE03ADF-10AE-D323-29B8-DD2367746022}.Debug|Any CPU.ActiveCfg = Debug|Any CPU
		{9FE03ADF-10AE-D323-29B8-DD2367746022}.Debug|Any CPU.Build.0 = Debug|Any CPU
		{9FE03ADF-10AE-D323-29B8-DD2367746022}.Release|Any CPU.ActiveCfg = Release|Any CPU
		{9FE03ADF-10AE-D323-29B8-DD2367746022}.Release|Any CPU.Build.0 = Release|Any CPU
		{97EF54E3-7E65-CDAD-6688-6E0C1ADEDE47}.Debug|Any CPU.ActiveCfg = Debug|Any CPU
		{97EF54E3-7E65-CDAD-6688-6E0C1ADEDE47}.Debug|Any CPU.Build.0 = Debug|Any CPU
		{97EF54E3-7E65-CDAD-6688-6E0C1ADEDE47}.Release|Any CPU.ActiveCfg = Release|Any CPU
		{97EF54E3-7E65-CDAD-6688-6E0C1ADEDE47}.Release|Any CPU.Build.0 = Release|Any CPU
		{46344DAB-BF59-7CCB-620B-1639542ABAF4}.Debug|Any CPU.ActiveCfg = Debug|Any CPU
		{46344DAB-BF59-7CCB-620B-1639542ABAF4}.Debug|Any CPU.Build.0 = Debug|Any CPU
		{46344DAB-BF59-7CCB-620B-1639542ABAF4}.Release|Any CPU.ActiveCfg = Release|Any CPU
		{46344DAB-BF59-7CCB-620B-1639542ABAF4}.Release|Any CPU.Build.0 = Release|Any CPU
		{55FA55E6-7CCB-F1FE-D442-4AE75EFA48B8}.Debug|Any CPU.ActiveCfg = Debug|Any CPU
		{55FA55E6-7CCB-F1FE-D442-4AE75EFA48B8}.Debug|Any CPU.Build.0 = Debug|Any CPU
		{55FA55E6-7CCB-F1FE-D442-4AE75EFA48B8}.Release|Any CPU.ActiveCfg = Release|Any CPU
		{55FA55E6-7CCB-F1FE-D442-4AE75EFA48B8}.Release|Any CPU.Build.0 = Release|Any CPU
	EndGlobalSection
	GlobalSection(SolutionProperties) = preSolution
		HideSolutionNode = FALSE
	EndGlobalSection
	GlobalSection(ExtensibilityGlobals) = postSolution
		SolutionGuid = {50DAF6AB-A3FB-4ECE-86F3-C4865D1D8003}
	EndGlobalSection
EndGlobal
